
Microsoft Visual Studio Solution File, Format Version 12.00
# Visual Studio Version 17
VisualStudioVersion = 17.3.32922.545
MinimumVisualStudioVersion = 10.0.40219.1
Project("{FAE04EC0-301F-11D3-BF4B-00C04F79EFBC}") = "ExerciseGenerator", "ExerciseGenerator\ExerciseGenerator.csproj", "{D5ABD41D-D702-4EDC-932A-708D2E357D49}"
EndProject
Global
	GlobalSection(SolutionConfigurationPlatforms) = preSolution
		Debug|Any CPU = Debug|Any CPU
		Release|Any CPU = Release|Any CPU
	EndGlobalSection
	GlobalSection(ProjectConfigurationPlatforms) = postSolution
		{D5ABD41D-D702-4EDC-932A-708D2E357D49}.Debug|Any CPU.ActiveCfg = Debug|Any CPU
		{D5ABD41D-D702-4EDC-932A-708D2E357D49}.Debug|Any CPU.Build.0 = Debug|Any CPU
		{D5ABD41D-D702-4EDC-932A-708D2E357D49}.Release|Any CPU.ActiveCfg = Release|Any CPU
		{D5ABD41D-D702-4EDC-932A-708D2E357D49}.Release|Any CPU.Build.0 = Release|Any CPU
	EndGlobalSection
	GlobalSection(SolutionProperties) = preSolution
		HideSolutionNode = FALSE
	EndGlobalSection
	GlobalSection(ExtensibilityGlobals) = postSolution
		SolutionGuid = {4F5E39DE-3BBC-41D2-A00F-97B4E8F8DECC}
	EndGlobalSection
EndGlobal
